
Microsoft Visual Studio Solution File, Format Version 12.00
# Visual Studio Version 17
VisualStudioVersion = 17.9.34902.65
MinimumVisualStudioVersion = 10.0.40219.1
Project("{FAE04EC0-301F-11D3-BF4B-00C04F79EFBC}") = "animais_poli", "animais_poli\animais_poli.csproj", "{EFA122B4-A124-4E3C-AC2F-E2833F53D959}"
EndProject
Global
	GlobalSection(SolutionConfigurationPlatforms) = preSolution
		Debug|Any CPU = Debug|Any CPU
		Release|Any CPU = Release|Any CPU
	EndGlobalSection
	GlobalSection(ProjectConfigurationPlatforms) = postSolution
		{EFA122B4-A124-4E3C-AC2F-E2833F53D959}.Debug|Any CPU.ActiveCfg = Debug|Any CPU
		{EFA122B4-A124-4E3C-AC2F-E2833F53D959}.Debug|Any CPU.Build.0 = Debug|Any CPU
		{EFA122B4-A124-4E3C-AC2F-E2833F53D959}.Release|Any CPU.ActiveCfg = Release|Any CPU
		{EFA122B4-A124-4E3C-AC2F-E2833F53D959}.Release|Any CPU.Build.0 = Release|Any CPU
	EndGlobalSection
	GlobalSection(SolutionProperties) = preSolution
		HideSolutionNode = FALSE
	EndGlobalSection
	GlobalSection(ExtensibilityGlobals) = postSolution
		SolutionGuid = {44A527E9-F796-435B-AC36-B4BC26259CBF}
	EndGlobalSection
EndGlobal
