
Microsoft Visual Studio Solution File, Format Version 12.00
# Visual Studio Version 17
VisualStudioVersion = 17.9.34902.65
MinimumVisualStudioVersion = 10.0.40219.1
Project("{FAE04EC0-301F-11D3-BF4B-00C04F79EFBC}") = "class_meto_selados", "class_meto_selados\class_meto_selados.csproj", "{5F99800E-CD45-4E87-AAD0-3DE026E360DB}"
EndProject
Global
	GlobalSection(SolutionConfigurationPlatforms) = preSolution
		Debug|Any CPU = Debug|Any CPU
		Release|Any CPU = Release|Any CPU
	EndGlobalSection
	GlobalSection(ProjectConfigurationPlatforms) = postSolution
		{5F99800E-CD45-4E87-AAD0-3DE026E360DB}.Debug|Any CPU.ActiveCfg = Debug|Any CPU
		{5F99800E-CD45-4E87-AAD0-3DE026E360DB}.Debug|Any CPU.Build.0 = Debug|Any CPU
		{5F99800E-CD45-4E87-AAD0-3DE026E360DB}.Release|Any CPU.ActiveCfg = Release|Any CPU
		{5F99800E-CD45-4E87-AAD0-3DE026E360DB}.Release|Any CPU.Build.0 = Release|Any CPU
	EndGlobalSection
	GlobalSection(SolutionProperties) = preSolution
		HideSolutionNode = FALSE
	EndGlobalSection
	GlobalSection(ExtensibilityGlobals) = postSolution
		SolutionGuid = {F0E31270-1517-4B41-82C8-ADEEFAC29214}
	EndGlobalSection
EndGlobal
