
Microsoft Visual Studio Solution File, Format Version 12.00
# Visual Studio Version 17
VisualStudioVersion = 17.9.34902.65
MinimumVisualStudioVersion = 10.0.40219.1
Project("{FAE04EC0-301F-11D3-BF4B-00C04F79EFBC}") = "ex_abstract", "ex_abstract\ex_abstract.csproj", "{73132CFD-D639-4B28-AE4E-12F15C31AF4B}"
EndProject
Global
	GlobalSection(SolutionConfigurationPlatforms) = preSolution
		Debug|Any CPU = Debug|Any CPU
		Release|Any CPU = Release|Any CPU
	EndGlobalSection
	GlobalSection(ProjectConfigurationPlatforms) = postSolution
		{73132CFD-D639-4B28-AE4E-12F15C31AF4B}.Debug|Any CPU.ActiveCfg = Debug|Any CPU
		{73132CFD-D639-4B28-AE4E-12F15C31AF4B}.Debug|Any CPU.Build.0 = Debug|Any CPU
		{73132CFD-D639-4B28-AE4E-12F15C31AF4B}.Release|Any CPU.ActiveCfg = Release|Any CPU
		{73132CFD-D639-4B28-AE4E-12F15C31AF4B}.Release|Any CPU.Build.0 = Release|Any CPU
	EndGlobalSection
	GlobalSection(SolutionProperties) = preSolution
		HideSolutionNode = FALSE
	EndGlobalSection
	GlobalSection(ExtensibilityGlobals) = postSolution
		SolutionGuid = {A161F983-0AC3-4173-A13F-8819C5DD75B4}
	EndGlobalSection
EndGlobal
