
Microsoft Visual Studio Solution File, Format Version 12.00
# Visual Studio Version 17
VisualStudioVersion = 17.9.34902.65
MinimumVisualStudioVersion = 10.0.40219.1
Project("{FAE04EC0-301F-11D3-BF4B-00C04F79EFBC}") = "exercicio4", "exercicio4\exercicio4.csproj", "{067E1B7A-6345-4BE2-BB71-010FC530BA79}"
EndProject
Global
	GlobalSection(SolutionConfigurationPlatforms) = preSolution
		Debug|Any CPU = Debug|Any CPU
		Release|Any CPU = Release|Any CPU
	EndGlobalSection
	GlobalSection(ProjectConfigurationPlatforms) = postSolution
		{067E1B7A-6345-4BE2-BB71-010FC530BA79}.Debug|Any CPU.ActiveCfg = Debug|Any CPU
		{067E1B7A-6345-4BE2-BB71-010FC530BA79}.Debug|Any CPU.Build.0 = Debug|Any CPU
		{067E1B7A-6345-4BE2-BB71-010FC530BA79}.Release|Any CPU.ActiveCfg = Release|Any CPU
		{067E1B7A-6345-4BE2-BB71-010FC530BA79}.Release|Any CPU.Build.0 = Release|Any CPU
	EndGlobalSection
	GlobalSection(SolutionProperties) = preSolution
		HideSolutionNode = FALSE
	EndGlobalSection
	GlobalSection(ExtensibilityGlobals) = postSolution
		SolutionGuid = {213C7F04-F1EE-43DB-B60A-F9EAE1FF2712}
	EndGlobalSection
EndGlobal
