
Microsoft Visual Studio Solution File, Format Version 12.00
# Visual Studio Version 17
VisualStudioVersion = 17.9.34902.65
MinimumVisualStudioVersion = 10.0.40219.1
Project("{FAE04EC0-301F-11D3-BF4B-00C04F79EFBC}") = "exercicio2", "exercicio2\exercicio2.csproj", "{C806132E-A2FE-44F0-8187-F944163C67E1}"
EndProject
Global
	GlobalSection(SolutionConfigurationPlatforms) = preSolution
		Debug|Any CPU = Debug|Any CPU
		Release|Any CPU = Release|Any CPU
	EndGlobalSection
	GlobalSection(ProjectConfigurationPlatforms) = postSolution
		{C806132E-A2FE-44F0-8187-F944163C67E1}.Debug|Any CPU.ActiveCfg = Debug|Any CPU
		{C806132E-A2FE-44F0-8187-F944163C67E1}.Debug|Any CPU.Build.0 = Debug|Any CPU
		{C806132E-A2FE-44F0-8187-F944163C67E1}.Release|Any CPU.ActiveCfg = Release|Any CPU
		{C806132E-A2FE-44F0-8187-F944163C67E1}.Release|Any CPU.Build.0 = Release|Any CPU
	EndGlobalSection
	GlobalSection(SolutionProperties) = preSolution
		HideSolutionNode = FALSE
	EndGlobalSection
	GlobalSection(ExtensibilityGlobals) = postSolution
		SolutionGuid = {AADA25B3-2D98-4481-B437-C8AA747F3093}
	EndGlobalSection
EndGlobal
