
Microsoft Visual Studio Solution File, Format Version 12.00
# Visual Studio Version 17
VisualStudioVersion = 17.9.34902.65
MinimumVisualStudioVersion = 10.0.40219.1
Project("{FAE04EC0-301F-11D3-BF4B-00C04F79EFBC}") = "animalpeties", "animalpeties\animalpeties.csproj", "{70C9C242-B20C-4443-86F7-D8FB5361FB0D}"
EndProject
Global
	GlobalSection(SolutionConfigurationPlatforms) = preSolution
		Debug|Any CPU = Debug|Any CPU
		Release|Any CPU = Release|Any CPU
	EndGlobalSection
	GlobalSection(ProjectConfigurationPlatforms) = postSolution
		{70C9C242-B20C-4443-86F7-D8FB5361FB0D}.Debug|Any CPU.ActiveCfg = Debug|Any CPU
		{70C9C242-B20C-4443-86F7-D8FB5361FB0D}.Debug|Any CPU.Build.0 = Debug|Any CPU
		{70C9C242-B20C-4443-86F7-D8FB5361FB0D}.Release|Any CPU.ActiveCfg = Release|Any CPU
		{70C9C242-B20C-4443-86F7-D8FB5361FB0D}.Release|Any CPU.Build.0 = Release|Any CPU
	EndGlobalSection
	GlobalSection(SolutionProperties) = preSolution
		HideSolutionNode = FALSE
	EndGlobalSection
	GlobalSection(ExtensibilityGlobals) = postSolution
		SolutionGuid = {AECB4D5B-5F28-4FC8-B29A-C96464A634FC}
	EndGlobalSection
EndGlobal
