
Microsoft Visual Studio Solution File, Format Version 12.00
# Visual Studio Version 17
VisualStudioVersion = 17.9.34902.65
MinimumVisualStudioVersion = 10.0.40219.1
Project("{FAE04EC0-301F-11D3-BF4B-00C04F79EFBC}") = "enunn", "enunn\enunn.csproj", "{FB3E71AD-05F9-47BC-8542-69D525BA68E1}"
EndProject
Global
	GlobalSection(SolutionConfigurationPlatforms) = preSolution
		Debug|Any CPU = Debug|Any CPU
		Release|Any CPU = Release|Any CPU
	EndGlobalSection
	GlobalSection(ProjectConfigurationPlatforms) = postSolution
		{FB3E71AD-05F9-47BC-8542-69D525BA68E1}.Debug|Any CPU.ActiveCfg = Debug|Any CPU
		{FB3E71AD-05F9-47BC-8542-69D525BA68E1}.Debug|Any CPU.Build.0 = Debug|Any CPU
		{FB3E71AD-05F9-47BC-8542-69D525BA68E1}.Release|Any CPU.ActiveCfg = Release|Any CPU
		{FB3E71AD-05F9-47BC-8542-69D525BA68E1}.Release|Any CPU.Build.0 = Release|Any CPU
	EndGlobalSection
	GlobalSection(SolutionProperties) = preSolution
		HideSolutionNode = FALSE
	EndGlobalSection
	GlobalSection(ExtensibilityGlobals) = postSolution
		SolutionGuid = {4607AD54-D903-4F2A-8BD1-C9F4BF04B121}
	EndGlobalSection
EndGlobal
