
Microsoft Visual Studio Solution File, Format Version 12.00
# Visual Studio Version 17
VisualStudioVersion = 17.9.34902.65
MinimumVisualStudioVersion = 10.0.40219.1
Project("{FAE04EC0-301F-11D3-BF4B-00C04F79EFBC}") = "para_ms", "para_ms\para_ms.csproj", "{936E52D3-BA93-4A9C-BA0A-2021D4011768}"
EndProject
Global
	GlobalSection(SolutionConfigurationPlatforms) = preSolution
		Debug|Any CPU = Debug|Any CPU
		Release|Any CPU = Release|Any CPU
	EndGlobalSection
	GlobalSection(ProjectConfigurationPlatforms) = postSolution
		{936E52D3-BA93-4A9C-BA0A-2021D4011768}.Debug|Any CPU.ActiveCfg = Debug|Any CPU
		{936E52D3-BA93-4A9C-BA0A-2021D4011768}.Debug|Any CPU.Build.0 = Debug|Any CPU
		{936E52D3-BA93-4A9C-BA0A-2021D4011768}.Release|Any CPU.ActiveCfg = Release|Any CPU
		{936E52D3-BA93-4A9C-BA0A-2021D4011768}.Release|Any CPU.Build.0 = Release|Any CPU
	EndGlobalSection
	GlobalSection(SolutionProperties) = preSolution
		HideSolutionNode = FALSE
	EndGlobalSection
	GlobalSection(ExtensibilityGlobals) = postSolution
		SolutionGuid = {28C3559C-C07A-43D8-A07E-2A5E873EDD2B}
	EndGlobalSection
EndGlobal
