
Microsoft Visual Studio Solution File, Format Version 12.00
# Visual Studio Version 17
VisualStudioVersion = 17.9.34902.65
MinimumVisualStudioVersion = 10.0.40219.1
Project("{FAE04EC0-301F-11D3-BF4B-00C04F79EFBC}") = "boxing _e _unboxing", "boxing _e _unboxing\boxing _e _unboxing.csproj", "{02C43DE1-6EEA-4D6B-A9AD-AF31CB9B649E}"
EndProject
Global
	GlobalSection(SolutionConfigurationPlatforms) = preSolution
		Debug|Any CPU = Debug|Any CPU
		Release|Any CPU = Release|Any CPU
	EndGlobalSection
	GlobalSection(ProjectConfigurationPlatforms) = postSolution
		{02C43DE1-6EEA-4D6B-A9AD-AF31CB9B649E}.Debug|Any CPU.ActiveCfg = Debug|Any CPU
		{02C43DE1-6EEA-4D6B-A9AD-AF31CB9B649E}.Debug|Any CPU.Build.0 = Debug|Any CPU
		{02C43DE1-6EEA-4D6B-A9AD-AF31CB9B649E}.Release|Any CPU.ActiveCfg = Release|Any CPU
		{02C43DE1-6EEA-4D6B-A9AD-AF31CB9B649E}.Release|Any CPU.Build.0 = Release|Any CPU
	EndGlobalSection
	GlobalSection(SolutionProperties) = preSolution
		HideSolutionNode = FALSE
	EndGlobalSection
	GlobalSection(ExtensibilityGlobals) = postSolution
		SolutionGuid = {17F1423F-77D4-4DF5-8AE3-6872B691CB0E}
	EndGlobalSection
EndGlobal
