
Microsoft Visual Studio Solution File, Format Version 12.00
# Visual Studio Version 17
VisualStudioVersion = 17.9.34902.65
MinimumVisualStudioVersion = 10.0.40219.1
Project("{FAE04EC0-301F-11D3-BF4B-00C04F79EFBC}") = "classes_abstratas", "classes_abstratas\classes_abstratas.csproj", "{43A2356C-544F-4D8F-A0F1-3B62F397E831}"
EndProject
Global
	GlobalSection(SolutionConfigurationPlatforms) = preSolution
		Debug|Any CPU = Debug|Any CPU
		Release|Any CPU = Release|Any CPU
	EndGlobalSection
	GlobalSection(ProjectConfigurationPlatforms) = postSolution
		{43A2356C-544F-4D8F-A0F1-3B62F397E831}.Debug|Any CPU.ActiveCfg = Debug|Any CPU
		{43A2356C-544F-4D8F-A0F1-3B62F397E831}.Debug|Any CPU.Build.0 = Debug|Any CPU
		{43A2356C-544F-4D8F-A0F1-3B62F397E831}.Release|Any CPU.ActiveCfg = Release|Any CPU
		{43A2356C-544F-4D8F-A0F1-3B62F397E831}.Release|Any CPU.Build.0 = Release|Any CPU
	EndGlobalSection
	GlobalSection(SolutionProperties) = preSolution
		HideSolutionNode = FALSE
	EndGlobalSection
	GlobalSection(ExtensibilityGlobals) = postSolution
		SolutionGuid = {BBD4D669-24D1-436E-94D7-F547C359952B}
	EndGlobalSection
EndGlobal
