
Microsoft Visual Studio Solution File, Format Version 12.00
# Visual Studio Version 17
VisualStudioVersion = 17.9.34902.65
MinimumVisualStudioVersion = 10.0.40219.1
Project("{FAE04EC0-301F-11D3-BF4B-00C04F79EFBC}") = "upcasting_downcasting", "upcasting_downcasting\upcasting_downcasting.csproj", "{BD5A3063-23BC-4469-BB3D-97D64C55D046}"
EndProject
Global
	GlobalSection(SolutionConfigurationPlatforms) = preSolution
		Debug|Any CPU = Debug|Any CPU
		Release|Any CPU = Release|Any CPU
	EndGlobalSection
	GlobalSection(ProjectConfigurationPlatforms) = postSolution
		{BD5A3063-23BC-4469-BB3D-97D64C55D046}.Debug|Any CPU.ActiveCfg = Debug|Any CPU
		{BD5A3063-23BC-4469-BB3D-97D64C55D046}.Debug|Any CPU.Build.0 = Debug|Any CPU
		{BD5A3063-23BC-4469-BB3D-97D64C55D046}.Release|Any CPU.ActiveCfg = Release|Any CPU
		{BD5A3063-23BC-4469-BB3D-97D64C55D046}.Release|Any CPU.Build.0 = Release|Any CPU
	EndGlobalSection
	GlobalSection(SolutionProperties) = preSolution
		HideSolutionNode = FALSE
	EndGlobalSection
	GlobalSection(ExtensibilityGlobals) = postSolution
		SolutionGuid = {3C335C73-5483-4579-88F9-8CC057BEDE08}
	EndGlobalSection
EndGlobal
