
Microsoft Visual Studio Solution File, Format Version 12.00
# Visual Studio Version 17
VisualStudioVersion = 17.9.34902.65
MinimumVisualStudioVersion = 10.0.40219.1
Project("{FAE04EC0-301F-11D3-BF4B-00C04F79EFBC}") = "listas2", "listas2\listas2.csproj", "{1952BE53-860A-4F2C-BD21-2466B189FC13}"
EndProject
Global
	GlobalSection(SolutionConfigurationPlatforms) = preSolution
		Debug|Any CPU = Debug|Any CPU
		Release|Any CPU = Release|Any CPU
	EndGlobalSection
	GlobalSection(ProjectConfigurationPlatforms) = postSolution
		{1952BE53-860A-4F2C-BD21-2466B189FC13}.Debug|Any CPU.ActiveCfg = Debug|Any CPU
		{1952BE53-860A-4F2C-BD21-2466B189FC13}.Debug|Any CPU.Build.0 = Debug|Any CPU
		{1952BE53-860A-4F2C-BD21-2466B189FC13}.Release|Any CPU.ActiveCfg = Release|Any CPU
		{1952BE53-860A-4F2C-BD21-2466B189FC13}.Release|Any CPU.Build.0 = Release|Any CPU
	EndGlobalSection
	GlobalSection(SolutionProperties) = preSolution
		HideSolutionNode = FALSE
	EndGlobalSection
	GlobalSection(ExtensibilityGlobals) = postSolution
		SolutionGuid = {28C73C88-38A0-4AD7-A480-9013A3E6BFEC}
	EndGlobalSection
EndGlobal
