
Microsoft Visual Studio Solution File, Format Version 12.00
# Visual Studio Version 17
VisualStudioVersion = 17.9.34902.65
MinimumVisualStudioVersion = 10.0.40219.1
Project("{FAE04EC0-301F-11D3-BF4B-00C04F79EFBC}") = "turma", "turma\turma.csproj", "{FF323B76-637F-4810-8414-B974B87A5009}"
EndProject
Global
	GlobalSection(SolutionConfigurationPlatforms) = preSolution
		Debug|Any CPU = Debug|Any CPU
		Release|Any CPU = Release|Any CPU
	EndGlobalSection
	GlobalSection(ProjectConfigurationPlatforms) = postSolution
		{FF323B76-637F-4810-8414-B974B87A5009}.Debug|Any CPU.ActiveCfg = Debug|Any CPU
		{FF323B76-637F-4810-8414-B974B87A5009}.Debug|Any CPU.Build.0 = Debug|Any CPU
		{FF323B76-637F-4810-8414-B974B87A5009}.Release|Any CPU.ActiveCfg = Release|Any CPU
		{FF323B76-637F-4810-8414-B974B87A5009}.Release|Any CPU.Build.0 = Release|Any CPU
	EndGlobalSection
	GlobalSection(SolutionProperties) = preSolution
		HideSolutionNode = FALSE
	EndGlobalSection
	GlobalSection(ExtensibilityGlobals) = postSolution
		SolutionGuid = {49074236-46B8-4822-B707-F1B47ECC2838}
	EndGlobalSection
EndGlobal
