
Microsoft Visual Studio Solution File, Format Version 12.00
# Visual Studio Version 17
VisualStudioVersion = 17.9.34902.65
MinimumVisualStudioVersion = 10.0.40219.1
Project("{FAE04EC0-301F-11D3-BF4B-00C04F79EFBC}") = "problema_primeiraForma", "problema_primeiraForma\problema_primeiraForma.csproj", "{8889092C-9749-461B-831C-3A643BBAC9CC}"
EndProject
Global
	GlobalSection(SolutionConfigurationPlatforms) = preSolution
		Debug|Any CPU = Debug|Any CPU
		Release|Any CPU = Release|Any CPU
	EndGlobalSection
	GlobalSection(ProjectConfigurationPlatforms) = postSolution
		{8889092C-9749-461B-831C-3A643BBAC9CC}.Debug|Any CPU.ActiveCfg = Debug|Any CPU
		{8889092C-9749-461B-831C-3A643BBAC9CC}.Debug|Any CPU.Build.0 = Debug|Any CPU
		{8889092C-9749-461B-831C-3A643BBAC9CC}.Release|Any CPU.ActiveCfg = Release|Any CPU
		{8889092C-9749-461B-831C-3A643BBAC9CC}.Release|Any CPU.Build.0 = Release|Any CPU
	EndGlobalSection
	GlobalSection(SolutionProperties) = preSolution
		HideSolutionNode = FALSE
	EndGlobalSection
	GlobalSection(ExtensibilityGlobals) = postSolution
		SolutionGuid = {05273F17-FF13-4795-B9BC-B482C8E8B752}
	EndGlobalSection
EndGlobal
